{
  "name": "prosemirror-demo",
  "version": "0.0.0",
  "lockfileVersion": 3,
  "requires": true,
  "packages": {
    "": {
      "name": "prosemirror-demo",
      "version": "0.0.0",
      "dependencies": {
        "prosemirror-model": "^1.21.3",
        "prosemirror-schema-basic": "^1.2.2",
        "prosemirror-state": "^1.4.3",
        "prosemirror-view": "^1.33.8"
      },
      "devDependencies": {
        "typescript": "^5.2.2",
        "vite": "^5.3.1"
      }
    },
    "node_modules/@esbuild/aix-ppc64": {
      "version": "0.21.5",
      "resolved": "https://registry.npm.wps.cn/@esbuild/aix-ppc64/download/@esbuild/aix-ppc64-0.21.5.tgz",
      "integrity": "sha1-xxhKMmUz/N8bjuBzPiHHE7l1V18=",
      "cpu": [
        "ppc64"
      ],
      "dev": true,
      "optional": true,
      "os": [
        "aix"
      ],
      "engines": {
        "node": ">=12"
      }
    },
    "node_modules/@esbuild/android-arm": {
      "version": "0.21.5",
      "resolved": "https://registry.npm.wps.cn/@esbuild/android-arm/download/@esbuild/android-arm-0.21.5.tgz",
      "integrity": "sha1-mwQ4T7dxkm36bXrQQyTssqubLig=",
      "cpu": [
        "arm"
      ],
      "dev": true,
      "optional": true,
      "os": [
        "android"
      ],
      "engines": {
        "node": ">=12"
      }
    },
    "node_modules/@esbuild/android-arm64": {
      "version": "0.21.5",
      "resolved": "https://registry.npm.wps.cn/@esbuild/android-arm64/download/@esbuild/android-arm64-0.21.5.tgz",
      "integrity": "sha1-Cdm0NXeA2p6jp9+4M6Hx/0ObQFI=",
      "cpu": [
        "arm64"
      ],
      "dev": true,
      "optional": true,
      "os": [
        "android"
      ],
      "engines": {
        "node": ">=12"
      }
    },
    "node_modules/@esbuild/android-x64": {
      "version": "0.21.5",
      "resolved": "https://registry.npm.wps.cn/@esbuild/android-x64/download/@esbuild/android-x64-0.21.5.tgz",
      "integrity": "sha1-KZGOwtt1TO3LbBsE3ozWVHr2Rh4=",
      "cpu": [
        "x64"
      ],
      "dev": true,
      "optional": true,
      "os": [
        "android"
      ],
      "engines": {
        "node": ">=12"
      }
    },
    "node_modules/@esbuild/darwin-arm64": {
      "version": "0.21.5",
      "resolved": "https://registry.npm.wps.cn/@esbuild/darwin-arm64/download/@esbuild/darwin-arm64-0.21.5.tgz",
      "integrity": "sha1-5JW1OWYOUWkPOSivUKdvsKbM/yo=",
      "cpu": [
        "arm64"
      ],
      "dev": true,
      "optional": true,
      "os": [
        "darwin"
      ],
      "engines": {
        "node": ">=12"
      }
    },
    "node_modules/@esbuild/darwin-x64": {
      "version": "0.21.5",
      "resolved": "https://registry.npm.wps.cn/@esbuild/darwin-x64/download/@esbuild/darwin-x64-0.21.5.tgz",
      "integrity": "sha1-wTg4+lc3KDmr3dyR1xVCzuouHiI=",
      "cpu": [
        "x64"
      ],
      "dev": true,
      "optional": true,
      "os": [
        "darwin"
      ],
      "engines": {
        "node": ">=12"
      }
    },
    "node_modules/@esbuild/freebsd-arm64": {
      "version": "0.21.5",
      "resolved": "https://registry.npm.wps.cn/@esbuild/freebsd-arm64/download/@esbuild/freebsd-arm64-0.21.5.tgz",
      "integrity": "sha1-ZGuYmqIL+J/Qcd1dv61po1QuVQ4=",
      "cpu": [
        "arm64"
      ],
      "dev": true,
      "optional": true,
      "os": [
        "freebsd"
      ],
      "engines": {
        "node": ">=12"
      }
    },
    "node_modules/@esbuild/freebsd-x64": {
      "version": "0.21.5",
      "resolved": "https://registry.npm.wps.cn/@esbuild/freebsd-x64/download/@esbuild/freebsd-x64-0.21.5.tgz",
      "integrity": "sha1-qmFc/ICvlU00WJBuOMoiwYz1wmE=",
      "cpu": [
        "x64"
      ],
      "dev": true,
      "optional": true,
      "os": [
        "freebsd"
      ],
      "engines": {
        "node": ">=12"
      }
    },
    "node_modules/@esbuild/linux-arm": {
      "version": "0.21.5",
      "resolved": "https://registry.npm.wps.cn/@esbuild/linux-arm/download/@esbuild/linux-arm-0.21.5.tgz",
      "integrity": "sha1-/G/RGorKVsH284lPK+oEefj2Jrk=",
      "cpu": [
        "arm"
      ],
      "dev": true,
      "optional": true,
      "os": [
        "linux"
      ],
      "engines": {
        "node": ">=12"
      }
    },
    "node_modules/@esbuild/linux-arm64": {
      "version": "0.21.5",
      "resolved": "https://registry.npm.wps.cn/@esbuild/linux-arm64/download/@esbuild/linux-arm64-0.21.5.tgz",
      "integrity": "sha1-cKxvoU9ct+H3+Ie8/7aArQmSK1s=",
      "cpu": [
        "arm64"
      ],
      "dev": true,
      "optional": true,
      "os": [
        "linux"
      ],
      "engines": {
        "node": ">=12"
      }
    },
    "node_modules/@esbuild/linux-ia32": {
      "version": "0.21.5",
      "resolved": "https://registry.npm.wps.cn/@esbuild/linux-ia32/download/@esbuild/linux-ia32-0.21.5.tgz",
      "integrity": "sha1-MnH1Oz+T49CT1RjRZJ1taNNG7eI=",
      "cpu": [
        "ia32"
      ],
      "dev": true,
      "optional": true,
      "os": [
        "linux"
      ],
      "engines": {
        "node": ">=12"
      }
    },
    "node_modules/@esbuild/linux-loong64": {
      "version": "0.21.5",
      "resolved": "https://registry.npm.wps.cn/@esbuild/linux-loong64/download/@esbuild/linux-loong64-0.21.5.tgz",
      "integrity": "sha1-7WLgQjjFcCauqDHFoTC3PA+fJt8=",
      "cpu": [
        "loong64"
      ],
      "dev": true,
      "optional": true,
      "os": [
        "linux"
      ],
      "engines": {
        "node": ">=12"
      }
    },
    "node_modules/@esbuild/linux-mips64el": {
      "version": "0.21.5",
      "resolved": "https://registry.npm.wps.cn/@esbuild/linux-mips64el/download/@esbuild/linux-mips64el-0.21.5.tgz",
      "integrity": "sha1-55uOtIvzsQb63sGsgkD7l7TmTL4=",
      "cpu": [
        "mips64el"
      ],
      "dev": true,
      "optional": true,
      "os": [
        "linux"
      ],
      "engines": {
        "node": ">=12"
      }
    },
    "node_modules/@esbuild/linux-ppc64": {
      "version": "0.21.5",
      "resolved": "https://registry.npm.wps.cn/@esbuild/linux-ppc64/download/@esbuild/linux-ppc64-0.21.5.tgz",
      "integrity": "sha1-XyIDhgoUO5kZ04PvdXNSH7FUw+Q=",
      "cpu": [
        "ppc64"
      ],
      "dev": true,
      "optional": true,
      "os": [
        "linux"
      ],
      "engines": {
        "node": ">=12"
      }
    },
    "node_modules/@esbuild/linux-riscv64": {
      "version": "0.21.5",
      "resolved": "https://registry.npm.wps.cn/@esbuild/linux-riscv64/download/@esbuild/linux-riscv64-0.21.5.tgz",
      "integrity": "sha1-B7yv2ZMi1a9i9hjLnmqbf0u4Jdw=",
      "cpu": [
        "riscv64"
      ],
      "dev": true,
      "optional": true,
      "os": [
        "linux"
      ],
      "engines": {
        "node": ">=12"
      }
    },
    "node_modules/@esbuild/linux-s390x": {
      "version": "0.21.5",
      "resolved": "https://registry.npm.wps.cn/@esbuild/linux-s390x/download/@esbuild/linux-s390x-0.21.5.tgz",
      "integrity": "sha1-t8z2hnUdaj5EuGJ6uryL4+9i2N4=",
      "cpu": [
        "s390x"
      ],
      "dev": true,
      "optional": true,
      "os": [
        "linux"
      ],
      "engines": {
        "node": ">=12"
      }
    },
    "node_modules/@esbuild/linux-x64": {
      "version": "0.21.5",
      "resolved": "https://registry.npm.wps.cn/@esbuild/linux-x64/download/@esbuild/linux-x64-0.21.5.tgz",
      "integrity": "sha1-bY8Mdo4HDmQwmvgAS7lOaKsrs7A=",
      "cpu": [
        "x64"
      ],
      "dev": true,
      "optional": true,
      "os": [
        "linux"
      ],
      "engines": {
        "node": ">=12"
      }
    },
    "node_modules/@esbuild/netbsd-x64": {
      "version": "0.21.5",
      "resolved": "https://registry.npm.wps.cn/@esbuild/netbsd-x64/download/@esbuild/netbsd-x64-0.21.5.tgz",
      "integrity": "sha1-u+Qw9g03jsuI3sshnGAmZzh6YEc=",
      "cpu": [
        "x64"
      ],
      "dev": true,
      "optional": true,
      "os": [
        "netbsd"
      ],
      "engines": {
        "node": ">=12"
      }
    },
    "node_modules/@esbuild/openbsd-x64": {
      "version": "0.21.5",
      "resolved": "https://registry.npm.wps.cn/@esbuild/openbsd-x64/download/@esbuild/openbsd-x64-0.21.5.tgz",
      "integrity": "sha1-mdHPKTcnlWDSEEgh9czOIgyyr3A=",
      "cpu": [
        "x64"
      ],
      "dev": true,
      "optional": true,
      "os": [
        "openbsd"
      ],
      "engines": {
        "node": ">=12"
      }
    },
    "node_modules/@esbuild/sunos-x64": {
      "version": "0.21.5",
      "resolved": "https://registry.npm.wps.cn/@esbuild/sunos-x64/download/@esbuild/sunos-x64-0.21.5.tgz",
      "integrity": "sha1-CHQVEsENUpVmurqDe0/gUsjzSHs=",
      "cpu": [
        "x64"
      ],
      "dev": true,
      "optional": true,
      "os": [
        "sunos"
      ],
      "engines": {
        "node": ">=12"
      }
    },
    "node_modules/@esbuild/win32-arm64": {
      "version": "0.21.5",
      "resolved": "https://registry.npm.wps.cn/@esbuild/win32-arm64/download/@esbuild/win32-arm64-0.21.5.tgz",
      "integrity": "sha1-Z1tzhTmEESQHNQFhRKsumaYPx10=",
      "cpu": [
        "arm64"
      ],
      "dev": true,
      "optional": true,
      "os": [
        "win32"
      ],
      "engines": {
        "node": ">=12"
      }
    },
    "node_modules/@esbuild/win32-ia32": {
      "version": "0.21.5",
      "resolved": "https://registry.npm.wps.cn/@esbuild/win32-ia32/download/@esbuild/win32-ia32-0.21.5.tgz",
      "integrity": "sha1-G/w86YqmypoJaeTSr3IUTFnBGTs=",
      "cpu": [
        "ia32"
      ],
      "dev": true,
      "optional": true,
      "os": [
        "win32"
      ],
      "engines": {
        "node": ">=12"
      }
    },
    "node_modules/@esbuild/win32-x64": {
      "version": "0.21.5",
      "resolved": "https://registry.npm.wps.cn/@esbuild/win32-x64/download/@esbuild/win32-x64-0.21.5.tgz",
      "integrity": "sha1-rK01HVgtFXuxRVNdsqb/U91RS1w=",
      "cpu": [
        "x64"
      ],
      "dev": true,
      "optional": true,
      "os": [
        "win32"
      ],
      "engines": {
        "node": ">=12"
      }
    },
    "node_modules/@rollup/rollup-android-arm-eabi": {
      "version": "4.18.1",
      "resolved": "https://registry.npm.wps.cn/@rollup/rollup-android-arm-eabi/download/@rollup/rollup-android-arm-eabi-4.18.1.tgz",
      "integrity": "sha1-8NpIEkS32eoVKWs19/45zYEVc5Y=",
      "cpu": [
        "arm"
      ],
      "dev": true,
      "optional": true,
      "os": [
        "android"
      ]
    },
    "node_modules/@rollup/rollup-android-arm64": {
      "version": "4.18.1",
      "resolved": "https://registry.npm.wps.cn/@rollup/rollup-android-arm64/download/@rollup/rollup-android-arm64-4.18.1.tgz",
      "integrity": "sha1-gqs8V19CNftker6l4I7sbPMllk4=",
      "cpu": [
        "arm64"
      ],
      "dev": true,
      "optional": true,
      "os": [
        "android"
      ]
    },
    "node_modules/@rollup/rollup-darwin-arm64": {
      "version": "4.18.1",
      "resolved": "https://registry.npm.wps.cn/@rollup/rollup-darwin-arm64/download/@rollup/rollup-darwin-arm64-4.18.1.tgz",
      "integrity": "sha1-alMEUuaKkVKAnOWN4fiVl2MqCFs=",
      "cpu": [
        "arm64"
      ],
      "dev": true,
      "optional": true,
      "os": [
        "darwin"
      ]
    },
    "node_modules/@rollup/rollup-darwin-x64": {
      "version": "4.18.1",
      "resolved": "https://registry.npm.wps.cn/@rollup/rollup-darwin-x64/download/@rollup/rollup-darwin-x64-4.18.1.tgz",
      "integrity": "sha1-R3J0efXKKSz0NNfnWvJyW3JOy8c=",
      "cpu": [
        "x64"
      ],
      "dev": true,
      "optional": true,
      "os": [
        "darwin"
      ]
    },
    "node_modules/@rollup/rollup-linux-arm-gnueabihf": {
      "version": "4.18.1",
      "resolved": "https://registry.npm.wps.cn/@rollup/rollup-linux-arm-gnueabihf/download/@rollup/rollup-linux-arm-gnueabihf-4.18.1.tgz",
      "integrity": "sha1-Rhk8SYqnkCqNuJrAASgGAyDoT+8=",
      "cpu": [
        "arm"
      ],
      "dev": true,
      "optional": true,
      "os": [
        "linux"
      ]
    },
    "node_modules/@rollup/rollup-linux-arm-musleabihf": {
      "version": "4.18.1",
      "resolved": "https://registry.npm.wps.cn/@rollup/rollup-linux-arm-musleabihf/download/@rollup/rollup-linux-arm-musleabihf-4.18.1.tgz",
      "integrity": "sha1-Itgx/iOWQ8HQXJiQZCAyXO5DnYU=",
      "cpu": [
        "arm"
      ],
      "dev": true,
      "optional": true,
      "os": [
        "linux"
      ]
    },
    "node_modules/@rollup/rollup-linux-arm64-gnu": {
      "version": "4.18.1",
      "resolved": "https://registry.npm.wps.cn/@rollup/rollup-linux-arm64-gnu/download/@rollup/rollup-linux-arm64-gnu-4.18.1.tgz",
      "integrity": "sha1-GavTNpXsnViLSoWNEiYxQzCE5KM=",
      "cpu": [
        "arm64"
      ],
      "dev": true,
      "optional": true,
      "os": [
        "linux"
      ]
    },
    "node_modules/@rollup/rollup-linux-arm64-musl": {
      "version": "4.18.1",
      "resolved": "https://registry.npm.wps.cn/@rollup/rollup-linux-arm64-musl/download/@rollup/rollup-linux-arm64-musl-4.18.1.tgz",
      "integrity": "sha1-1gr4wLm+QkQk/5aguhn85l0m9qs=",
      "cpu": [
        "arm64"
      ],
      "dev": true,
      "optional": true,
      "os": [
        "linux"
      ]
    },
    "node_modules/@rollup/rollup-linux-powerpc64le-gnu": {
      "version": "4.18.1",
      "resolved": "https://registry.npm.wps.cn/@rollup/rollup-linux-powerpc64le-gnu/download/@rollup/rollup-linux-powerpc64le-gnu-4.18.1.tgz",
      "integrity": "sha1-sRlOXtbROP3eCELRJvzN50qQ9Fc=",
      "cpu": [
        "ppc64"
      ],
      "dev": true,
      "optional": true,
      "os": [
        "linux"
      ]
    },
    "node_modules/@rollup/rollup-linux-riscv64-gnu": {
      "version": "4.18.1",
      "resolved": "https://registry.npm.wps.cn/@rollup/rollup-linux-riscv64-gnu/download/@rollup/rollup-linux-riscv64-gnu-4.18.1.tgz",
      "integrity": "sha1-9aY1wBe5v/i4VrAiH71cDjNzt+w=",
      "cpu": [
        "riscv64"
      ],
      "dev": true,
      "optional": true,
      "os": [
        "linux"
      ]
    },
    "node_modules/@rollup/rollup-linux-s390x-gnu": {
      "version": "4.18.1",
      "resolved": "https://registry.npm.wps.cn/@rollup/rollup-linux-s390x-gnu/download/@rollup/rollup-linux-s390x-gnu-4.18.1.tgz",
      "integrity": "sha1-8QQ9n0Amv2mVhjyz+N1HMmBuS6o=",
      "cpu": [
        "s390x"
      ],
      "dev": true,
      "optional": true,
      "os": [
        "linux"
      ]
    },
    "node_modules/@rollup/rollup-linux-x64-gnu": {
      "version": "4.18.1",
      "resolved": "https://registry.npm.wps.cn/@rollup/rollup-linux-x64-gnu/download/@rollup/rollup-linux-x64-gnu-4.18.1.tgz",
      "integrity": "sha1-HngXML5EURnwbJ318YXhk7yCxhA=",
      "cpu": [
        "x64"
      ],
      "dev": true,
      "optional": true,
      "os": [
        "linux"
      ]
    },
    "node_modules/@rollup/rollup-linux-x64-musl": {
      "version": "4.18.1",
      "resolved": "https://registry.npm.wps.cn/@rollup/rollup-linux-x64-musl/download/@rollup/rollup-linux-x64-musl-4.18.1.tgz",
      "integrity": "sha1-CPEuGWXW8n1omP+TJZISHMpqvEs=",
      "cpu": [
        "x64"
      ],
      "dev": true,
      "optional": true,
      "os": [
        "linux"
      ]
    },
    "node_modules/@rollup/rollup-win32-arm64-msvc": {
      "version": "4.18.1",
      "resolved": "https://registry.npm.wps.cn/@rollup/rollup-win32-arm64-msvc/download/@rollup/rollup-win32-arm64-msvc-4.18.1.tgz",
      "integrity": "sha1-Sl3Lvnr31ByskrCXmOfBgx2h9Zk=",
      "cpu": [
        "arm64"
      ],
      "dev": true,
      "optional": true,
      "os": [
        "win32"
      ]
    },
    "node_modules/@rollup/rollup-win32-ia32-msvc": {
      "version": "4.18.1",
      "resolved": "https://registry.npm.wps.cn/@rollup/rollup-win32-ia32-msvc/download/@rollup/rollup-win32-ia32-msvc-4.18.1.tgz",
      "integrity": "sha1-B1sHE95ieEOnO0zw4IfFa1Pp14A=",
      "cpu": [
        "ia32"
      ],
      "dev": true,
      "optional": true,
      "os": [
        "win32"
      ]
    },
    "node_modules/@rollup/rollup-win32-x64-msvc": {
      "version": "4.18.1",
      "resolved": "https://registry.npm.wps.cn/@rollup/rollup-win32-x64-msvc/download/@rollup/rollup-win32-x64-msvc-4.18.1.tgz",
      "integrity": "sha1-DLJAwUfA39Dj6v9MwGCnctOeFVw=",
      "cpu": [
        "x64"
      ],
      "dev": true,
      "optional": true,
      "os": [
        "win32"
      ]
    },
    "node_modules/@types/estree": {
      "version": "1.0.5",
      "resolved": "https://registry.npm.wps.cn/@types/estree/download/@types/estree-1.0.5.tgz",
      "integrity": "sha1-ps4+VW4A/ZiV3Yct0XKtDUvWh/Q=",
      "dev": true
    },
    "node_modules/esbuild": {
      "version": "0.21.5",
      "resolved": "https://registry.npm.wps.cn/esbuild/download/esbuild-0.21.5.tgz",
      "integrity": "sha1-nKMBsSCSKVm3ZjYNisgw2g0CmX0=",
      "dev": true,
      "hasInstallScript": true,
      "bin": {
        "esbuild": "bin/esbuild"
      },
      "engines": {
        "node": ">=12"
      },
      "optionalDependencies": {
        "@esbuild/aix-ppc64": "0.21.5",
        "@esbuild/android-arm": "0.21.5",
        "@esbuild/android-arm64": "0.21.5",
        "@esbuild/android-x64": "0.21.5",
        "@esbuild/darwin-arm64": "0.21.5",
        "@esbuild/darwin-x64": "0.21.5",
        "@esbuild/freebsd-arm64": "0.21.5",
        "@esbuild/freebsd-x64": "0.21.5",
        "@esbuild/linux-arm": "0.21.5",
        "@esbuild/linux-arm64": "0.21.5",
        "@esbuild/linux-ia32": "0.21.5",
        "@esbuild/linux-loong64": "0.21.5",
        "@esbuild/linux-mips64el": "0.21.5",
        "@esbuild/linux-ppc64": "0.21.5",
        "@esbuild/linux-riscv64": "0.21.5",
        "@esbuild/linux-s390x": "0.21.5",
        "@esbuild/linux-x64": "0.21.5",
        "@esbuild/netbsd-x64": "0.21.5",
        "@esbuild/openbsd-x64": "0.21.5",
        "@esbuild/sunos-x64": "0.21.5",
        "@esbuild/win32-arm64": "0.21.5",
        "@esbuild/win32-ia32": "0.21.5",
        "@esbuild/win32-x64": "0.21.5"
      }
    },
    "node_modules/fsevents": {
      "version": "2.3.3",
      "resolved": "https://registry.npm.wps.cn/fsevents/download/fsevents-2.3.3.tgz",
      "integrity": "sha1-ysZAd4XQNnWipeGlMFxpezR9kNY=",
      "dev": true,
      "hasInstallScript": true,
      "optional": true,
      "os": [
        "darwin"
      ],
      "engines": {
        "node": "^8.16.0 || ^10.6.0 || >=11.0.0"
      }
    },
    "node_modules/nanoid": {
      "version": "3.3.7",
      "resolved": "https://registry.npm.wps.cn/nanoid/download/nanoid-3.3.7.tgz",
      "integrity": "sha1-0MMBppG8jVTvoKIibM8/4v1la9g=",
      "dev": true,
      "funding": [
        {
          "type": "github",
          "url": "https://github.com/sponsors/ai"
        }
      ],
      "bin": {
        "nanoid": "bin/nanoid.cjs"
      },
      "engines": {
        "node": "^10 || ^12 || ^13.7 || ^14 || >=15.0.1"
      }
    },
    "node_modules/orderedmap": {
      "version": "2.1.1",
      "resolved": "https://registry.npm.wps.cn/orderedmap/download/orderedmap-2.1.1.tgz",
      "integrity": "sha1-YUgSacRAMcRJkVSXv1pK0nPFEtI="
    },
    "node_modules/picocolors": {
      "version": "1.0.1",
      "resolved": "https://registry.npm.wps.cn/picocolors/download/picocolors-1.0.1.tgz",
      "integrity": "sha1-qK1Xm1cZUvDl0liS3lRFvP4lqqE=",
      "dev": true
    },
    "node_modules/postcss": {
      "version": "8.4.39",
      "resolved": "https://registry.npm.wps.cn/postcss/download/postcss-8.4.39.tgz",
      "integrity": "sha1-qjyUmYth06nCWe+lHbSzkuG94OM=",
      "dev": true,
      "funding": [
        {
          "type": "opencollective",
          "url": "https://opencollective.com/postcss/"
        },
        {
          "type": "tidelift",
          "url": "https://tidelift.com/funding/github/npm/postcss"
        },
        {
          "type": "github",
          "url": "https://github.com/sponsors/ai"
        }
      ],
      "dependencies": {
        "nanoid": "^3.3.7",
        "picocolors": "^1.0.1",
        "source-map-js": "^1.2.0"
      },
      "engines": {
        "node": "^10 || ^12 || >=14"
      }
    },
    "node_modules/prosemirror-model": {
      "version": "1.21.3",
      "resolved": "https://registry.npm.wps.cn/prosemirror-model/download/prosemirror-model-1.21.3.tgz",
      "integrity": "sha1-l/pDTWcDMcGrJfdZZLG816lIzmE=",
      "dependencies": {
        "orderedmap": "^2.0.0"
      }
    },
    "node_modules/prosemirror-schema-basic": {
      "version": "1.2.2",
      "resolved": "https://registry.npm.wps.cn/prosemirror-schema-basic/download/prosemirror-schema-basic-1.2.2.tgz",
      "integrity": "sha1-ZpX1F15GKKqxeb9i5VaGKLnP5sc=",
      "dependencies": {
        "prosemirror-model": "^1.19.0"
      }
    },
    "node_modules/prosemirror-state": {
      "version": "1.4.3",
      "resolved": "https://registry.npm.wps.cn/prosemirror-state/download/prosemirror-state-1.4.3.tgz",
      "integrity": "sha1-lK7PP/1U7DfoeqcXnRNQjaGBoIA=",
      "dependencies": {
        "prosemirror-model": "^1.0.0",
        "prosemirror-transform": "^1.0.0",
        "prosemirror-view": "^1.27.0"
      }
    },
    "node_modules/prosemirror-transform": {
      "version": "1.9.0",
      "resolved": "https://registry.npm.wps.cn/prosemirror-transform/download/prosemirror-transform-1.9.0.tgz",
      "integrity": "sha1-gf0fvYh5KalTaebdPSQMI8GTE/g=",
      "dependencies": {
        "prosemirror-model": "^1.21.0"
      }
    },
    "node_modules/prosemirror-view": {
      "version": "1.33.8",
      "resolved": "https://registry.npm.wps.cn/prosemirror-view/download/prosemirror-view-1.33.8.tgz",
      "integrity": "sha1-z9dt/0IXMMvKC26kDONplNqu2kE=",
      "dependencies": {
        "prosemirror-model": "^1.20.0",
        "prosemirror-state": "^1.0.0",
        "prosemirror-transform": "^1.1.0"
      }
    },
    "node_modules/rollup": {
      "version": "4.18.1",
      "resolved": "https://registry.npm.wps.cn/rollup/download/rollup-4.18.1.tgz",
      "integrity": "sha1-GKYG3152ylO4pp8tjqslbWndqFE=",
      "dev": true,
      "dependencies": {
        "@types/estree": "1.0.5"
      },
      "bin": {
        "rollup": "dist/bin/rollup"
      },
      "engines": {
        "node": ">=18.0.0",
        "npm": ">=8.0.0"
      },
      "optionalDependencies": {
        "@rollup/rollup-android-arm-eabi": "4.18.1",
        "@rollup/rollup-android-arm64": "4.18.1",
        "@rollup/rollup-darwin-arm64": "4.18.1",
        "@rollup/rollup-darwin-x64": "4.18.1",
        "@rollup/rollup-linux-arm-gnueabihf": "4.18.1",
        "@rollup/rollup-linux-arm-musleabihf": "4.18.1",
        "@rollup/rollup-linux-arm64-gnu": "4.18.1",
        "@rollup/rollup-linux-arm64-musl": "4.18.1",
        "@rollup/rollup-linux-powerpc64le-gnu": "4.18.1",
        "@rollup/rollup-linux-riscv64-gnu": "4.18.1",
        "@rollup/rollup-linux-s390x-gnu": "4.18.1",
        "@rollup/rollup-linux-x64-gnu": "4.18.1",
        "@rollup/rollup-linux-x64-musl": "4.18.1",
        "@rollup/rollup-win32-arm64-msvc": "4.18.1",
        "@rollup/rollup-win32-ia32-msvc": "4.18.1",
        "@rollup/rollup-win32-x64-msvc": "4.18.1",
        "fsevents": "~2.3.2"
      }
    },
    "node_modules/source-map-js": {
      "version": "1.2.0",
      "resolved": "https://registry.npm.wps.cn/source-map-js/download/source-map-js-1.2.0.tgz",
      "integrity": "sha1-FrgJwWJRe1uMPn3NMVoqXCYSsq8=",
      "dev": true,
      "engines": {
        "node": ">=0.10.0"
      }
    },
    "node_modules/typescript": {
      "version": "5.5.3",
      "resolved": "https://registry.npm.wps.cn/typescript/download/typescript-5.5.3.tgz",
      "integrity": "sha1-4bCjw5QZCDigsWjncbCtVqCvD6o=",
      "dev": true,
      "bin": {
        "tsc": "bin/tsc",
        "tsserver": "bin/tsserver"
      },
      "engines": {
        "node": ">=14.17"
      }
    },
    "node_modules/vite": {
      "version": "5.3.3",
      "resolved": "https://registry.npm.wps.cn/vite/download/vite-5.3.3.tgz",
      "integrity": "sha1-UmWx8Kgls7ZWTC0HUkd3yD48BMI=",
      "dev": true,
      "dependencies": {
        "esbuild": "^0.21.3",
        "postcss": "^8.4.39",
        "rollup": "^4.13.0"
      },
      "bin": {
        "vite": "bin/vite.js"
      },
      "engines": {
        "node": "^18.0.0 || >=20.0.0"
      },
      "funding": {
        "url": "https://github.com/vitejs/vite?sponsor=1"
      },
      "optionalDependencies": {
        "fsevents": "~2.3.3"
      },
      "peerDependencies": {
        "@types/node": "^18.0.0 || >=20.0.0",
        "less": "*",
        "lightningcss": "^1.21.0",
        "sass": "*",
        "stylus": "*",
        "sugarss": "*",
        "terser": "^5.4.0"
      },
      "peerDependenciesMeta": {
        "@types/node": {
          "optional": true
        },
        "less": {
          "optional": true
        },
        "lightningcss": {
          "optional": true
        },
        "sass": {
          "optional": true
        },
        "stylus": {
          "optional": true
        },
        "sugarss": {
          "optional": true
        },
        "terser": {
          "optional": true
        }
      }
    }
  }
}
